{
  "nodes": {
    "flake-parts": {
      "inputs": {
        "nixpkgs-lib": "nixpkgs-lib"
      },
      "locked": {
        "lastModified": 1675295133,
        "narHash": "sha256-dU8fuLL98WFXG0VnRgM00bqKX6CEPBLybhiIDIgO45o=",
        "owner": "hercules-ci",
        "repo": "flake-parts",
        "rev": "bf53492df08f3178ce85e0c9df8ed8d03c030c9f",
        "type": "github"
      },
      "original": {
        "owner": "hercules-ci",
        "repo": "flake-parts",
        "type": "github"
      }
    },
    "haskell-flake": {
      "locked": {
        "lastModified": 1675623979,
        "narHash": "sha256-eD01oAbmfWhAVHesQrsZkGdueV7xtV1AmhGDEvJV2XA=",
        "owner": "srid",
        "repo": "haskell-flake",
        "rev": "014aa621ec2e910766f8fbe03dc9638984a359eb",
        "type": "github"
      },
      "original": {
        "owner": "srid",
        "repo": "haskell-flake",
        "type": "github"
      }
    },
    "nixpkgs": {
      "locked": {
        "lastModified": 1675614288,
        "narHash": "sha256-i3Rc/ENnz62BcrSloeVmAyPicEh4WsrEEYR+INs9TYw=",
        "owner": "nixos",
        "repo": "nixpkgs",
        "rev": "d25de6654a34d99dceb02e71e6db516b3b545be6",
        "type": "github"
      },
      "original": {
        "owner": "nixos",
        "ref": "nixpkgs-unstable",
        "repo": "nixpkgs",
        "type": "github"
      }
    },
    "nixpkgs-lib": {
      "locked": {
        "dir": "lib",
        "lastModified": 1675183161,
        "narHash": "sha256-Zq8sNgAxDckpn7tJo7V1afRSk2eoVbu3OjI1QklGLNg=",
        "owner": "NixOS",
        "repo": "nixpkgs",
        "rev": "e1e1b192c1a5aab2960bf0a0bd53a2e8124fa18e",
        "type": "github"
      },
      "original": {
        "dir": "lib",
        "owner": "NixOS",
        "ref": "nixos-unstable",
        "repo": "nixpkgs",
        "type": "github"
      }
    },
    "root": {
      "inputs": {
        "flake-parts": "flake-parts",
        "haskell-flake": "haskell-flake",
        "nixpkgs": "nixpkgs"
      }
    }
  },
  "root": "root",
  "version": 7
}
